
Microsoft Visual Studio Solution File, Format Version 12.00
# Visual Studio Version 17
VisualStudioVersion = 17.4.33110.190
MinimumVisualStudioVersion = 10.0.40219.1
Project("{FAE04EC0-301F-11D3-BF4B-00C04F79EFBC}") = "RepuestosInventario", "RepuestosInventario\RepuestosInventario.csproj", "{D932D332-212C-4C70-84CB-F1F97FED3E6F}"
EndProject
Global
	GlobalSection(SolutionConfigurationPlatforms) = preSolution
		Debug|Any CPU = Debug|Any CPU
		Release|Any CPU = Release|Any CPU
	EndGlobalSection
	GlobalSection(ProjectConfigurationPlatforms) = postSolution
		{D932D332-212C-4C70-84CB-F1F97FED3E6F}.Debug|Any CPU.ActiveCfg = Debug|Any CPU
		{D932D332-212C-4C70-84CB-F1F97FED3E6F}.Debug|Any CPU.Build.0 = Debug|Any CPU
		{D932D332-212C-4C70-84CB-F1F97FED3E6F}.Release|Any CPU.ActiveCfg = Release|Any CPU
		{D932D332-212C-4C70-84CB-F1F97FED3E6F}.Release|Any CPU.Build.0 = Release|Any CPU
	EndGlobalSection
	GlobalSection(SolutionProperties) = preSolution
		HideSolutionNode = FALSE
	EndGlobalSection
	GlobalSection(ExtensibilityGlobals) = postSolution
		SolutionGuid = {BEBCDF98-0689-42FF-8AEE-335A44D22AF8}
	EndGlobalSection
EndGlobal
